<Solution>
  <Configurations>
    <BuildType Name="Development" />
    <Platform Name="Default" />
  </Configurations>
  <Project Path="../SSAS_DW_ESPORTS/SSAS_DW_ESPORTS.dwproj" Type="d2abab84-bf74-430a-b69e-9dc6d40dda17">
    <Platform Project="?" />
    <Deploy />
  </Project>
  <Project Path="SSIS_DW_ESPORTS.dtproj" Type="c9674dcb-5085-4a16-b785-4c70dd1589bd">
    <Platform Project="?" />
  </Project>
</Solution>
